
Microsoft Visual Studio Solution File, Format Version 12.00
# Visual Studio Version 16
VisualStudioVersion = 16.0.31624.102
MinimumVisualStudioVersion = 10.0.40219.1
Project("{FAE04EC0-301F-11D3-BF4B-00C04F79EFBC}") = "TPL.Dataflow.Samples", "TPL.Dataflow.Samples.csproj", "{D93EF9D4-8016-4E00-8E69-8FFB1AE155E2}"
EndProject
Global
	GlobalSection(SolutionConfigurationPlatforms) = preSolution
		Debug|Any CPU = Debug|Any CPU
		Release|Any CPU = Release|Any CPU
	EndGlobalSection
	GlobalSection(ProjectConfigurationPlatforms) = postSolution
		{D93EF9D4-8016-4E00-8E69-8FFB1AE155E2}.Debug|Any CPU.ActiveCfg = Debug|Any CPU
		{D93EF9D4-8016-4E00-8E69-8FFB1AE155E2}.Debug|Any CPU.Build.0 = Debug|Any CPU
		{D93EF9D4-8016-4E00-8E69-8FFB1AE155E2}.Release|Any CPU.ActiveCfg = Release|Any CPU
		{D93EF9D4-8016-4E00-8E69-8FFB1AE155E2}.Release|Any CPU.Build.0 = Release|Any CPU
	EndGlobalSection
	GlobalSection(SolutionProperties) = preSolution
		HideSolutionNode = FALSE
	EndGlobalSection
	GlobalSection(ExtensibilityGlobals) = postSolution
		SolutionGuid = {E602F565-E00D-4935-A397-C264A995D3DD}
	EndGlobalSection
EndGlobal
